# THIS IS AN AUTOGENERATED FILE. DO NOT EDIT THIS FILE DIRECTLY.
# yarn lockfile v1
# bun ./bun.lockb --hash: FF9F60AB33470848-f641ff3d25f1a3cd-2D77A3A82792DDE5-5e44a64c70ca6648


"@biomejs/biome@1.8.3":
  version "1.8.3"
  resolved "https://registry.npmjs.org/@biomejs/biome/-/biome-1.8.3.tgz"
  integrity sha512-/uUV3MV+vyAczO+vKrPdOW0Iaet7UnJMU4bNMinggGJTAnBPjCoLEYcyYtYHNnUNYlv4xZMH6hVIQCAozq8d5w==
  optionalDependencies:
    "@biomejs/cli-linux-x64" "1.8.3"
    "@biomejs/cli-win32-x64" "1.8.3"
    "@biomejs/cli-darwin-x64" "1.8.3"
    "@biomejs/cli-linux-arm64" "1.8.3"
    "@biomejs/cli-win32-arm64" "1.8.3"
    "@biomejs/cli-darwin-arm64" "1.8.3"
    "@biomejs/cli-linux-x64-musl" "1.8.3"
    "@biomejs/cli-linux-arm64-musl" "1.8.3"

"@biomejs/cli-darwin-arm64@1.8.3":
  version "1.8.3"
  resolved "https://registry.npmjs.org/@biomejs/cli-darwin-arm64/-/cli-darwin-arm64-1.8.3.tgz"
  integrity sha512-9DYOjclFpKrH/m1Oz75SSExR8VKvNSSsLnVIqdnKexj6NwmiMlKk94Wa1kZEdv6MCOHGHgyyoV57Cw8WzL5n3A==

"@biomejs/cli-darwin-x64@1.8.3":
  version "1.8.3"
  resolved "https://registry.npmjs.org/@biomejs/cli-darwin-x64/-/cli-darwin-x64-1.8.3.tgz"
  integrity sha512-UeW44L/AtbmOF7KXLCoM+9PSgPo0IDcyEUfIoOXYeANaNXXf9mLUwV1GeF2OWjyic5zj6CnAJ9uzk2LT3v/wAw==

"@biomejs/cli-linux-arm64@1.8.3":
  version "1.8.3"
  resolved "https://registry.npmjs.org/@biomejs/cli-linux-arm64/-/cli-linux-arm64-1.8.3.tgz"
  integrity sha512-fed2ji8s+I/m8upWpTJGanqiJ0rnlHOK3DdxsyVLZQ8ClY6qLuPc9uehCREBifRJLl/iJyQpHIRufLDeotsPtw==

"@biomejs/cli-linux-arm64-musl@1.8.3":
  version "1.8.3"
  resolved "https://registry.npmjs.org/@biomejs/cli-linux-arm64-musl/-/cli-linux-arm64-musl-1.8.3.tgz"
  integrity sha512-9yjUfOFN7wrYsXt/T/gEWfvVxKlnh3yBpnScw98IF+oOeCYb5/b/+K7YNqKROV2i1DlMjg9g/EcN9wvj+NkMuQ==

"@biomejs/cli-linux-x64@1.8.3":
  version "1.8.3"
  resolved "https://registry.npmjs.org/@biomejs/cli-linux-x64/-/cli-linux-x64-1.8.3.tgz"
  integrity sha512-I8G2QmuE1teISyT8ie1HXsjFRz9L1m5n83U1O6m30Kw+kPMPSKjag6QGUn+sXT8V+XWIZxFFBoTDEDZW2KPDDw==

"@biomejs/cli-linux-x64-musl@1.8.3":
  version "1.8.3"
  resolved "https://registry.npmjs.org/@biomejs/cli-linux-x64-musl/-/cli-linux-x64-musl-1.8.3.tgz"
  integrity sha512-UHrGJX7PrKMKzPGoEsooKC9jXJMa28TUSMjcIlbDnIO4EAavCoVmNQaIuUSH0Ls2mpGMwUIf+aZJv657zfWWjA==

"@biomejs/cli-win32-arm64@1.8.3":
  version "1.8.3"
  resolved "https://registry.npmjs.org/@biomejs/cli-win32-arm64/-/cli-win32-arm64-1.8.3.tgz"
  integrity sha512-J+Hu9WvrBevfy06eU1Na0lpc7uR9tibm9maHynLIoAjLZpQU3IW+OKHUtyL8p6/3pT2Ju5t5emReeIS2SAxhkQ==

"@biomejs/cli-win32-x64@1.8.3":
  version "1.8.3"
  resolved "https://registry.npmjs.org/@biomejs/cli-win32-x64/-/cli-win32-x64-1.8.3.tgz"
  integrity sha512-/PJ59vA1pnQeKahemaQf4Nyj7IKUvGQSc3Ze1uIGi+Wvr1xF7rGobSrAAG01T/gUDG21vkDsZYM03NAmPiVkqg==

turbo@2.0.14:
  version "2.0.14"
  resolved "https://registry.npmjs.org/turbo/-/turbo-2.0.14.tgz"
  integrity sha512-00JjdCMD/cpsjP0Izkjcm8Oaor5yUCfDwODtaLb+WyblyadkaDEisGhy3Dbd5az9n+5iLSPiUgf+WjPbns6MRg==
  optionalDependencies:
    turbo-darwin-64 "2.0.14"
    turbo-darwin-arm64 "2.0.14"
    turbo-linux-64 "2.0.14"
    turbo-linux-arm64 "2.0.14"
    turbo-windows-64 "2.0.14"
    turbo-windows-arm64 "2.0.14"

turbo-darwin-64@2.0.14:
  version "2.0.14"
  resolved "https://registry.npmjs.org/turbo-darwin-64/-/turbo-darwin-64-2.0.14.tgz"
  integrity sha512-kwfDmjNwlNfvtrvT29+ZBg5n1Wvxl891bFHchMJyzMoR0HOE9N1NSNdSZb9wG3e7sYNIu4uDkNk+VBEqJW0HzQ==

turbo-darwin-arm64@2.0.14:
  version "2.0.14"
  resolved "https://registry.npmjs.org/turbo-darwin-arm64/-/turbo-darwin-arm64-2.0.14.tgz"
  integrity sha512-m3LXYEshCx3wc4ZClM6gb01KYpFmtjQ9IBF3A7ofjb6ahux3xlYZJZ3uFCLAGHuvGLuJ3htfiPbwlDPTdknqqw==

turbo-linux-64@2.0.14:
  version "2.0.14"
  resolved "https://registry.npmjs.org/turbo-linux-64/-/turbo-linux-64-2.0.14.tgz"
  integrity sha512-7vBzCPdoTtR92SNn2JMgj1FlMmyonGmpMaQdgAB1OVYtuQ6NVGoh7/lODfaILqXjpvmFSVbpBIDrKOT6EvcprQ==

turbo-linux-arm64@2.0.14:
  version "2.0.14"
  resolved "https://registry.npmjs.org/turbo-linux-arm64/-/turbo-linux-arm64-2.0.14.tgz"
  integrity sha512-jwH+c0bfjpBf26K/tdEFatmnYyXwGROjbr6bZmNcL8R+IkGAc/cglL+OToqJnQZTgZvH7uDGbeSyUo7IsHyjuA==

turbo-windows-64@2.0.14:
  version "2.0.14"
  resolved "https://registry.npmjs.org/turbo-windows-64/-/turbo-windows-64-2.0.14.tgz"
  integrity sha512-w9/XwkHSzvLjmioo6cl3S1yRfI6swxsV1j1eJwtl66JM4/pn0H2rBa855R0n7hZnmI6H5ywLt/nLt6Ae8RTDmw==

turbo-windows-arm64@2.0.14:
  version "2.0.14"
  resolved "https://registry.npmjs.org/turbo-windows-arm64/-/turbo-windows-arm64-2.0.14.tgz"
  integrity sha512-XaQlyYk+Rf4xS5XWCo8XCMIpssgGGy8blzLfolN6YBp4baElIWMlkLZHDbGyiFmCbNf9I9gJI64XGRG+LVyyjA==

typescript@5.4.5:
  version "5.4.5"
  resolved "https://registry.npmjs.org/typescript/-/typescript-5.4.5.tgz"
  integrity sha512-vcI4UpRgg81oIRUFwR0WSIHKt11nJ7SAVlYNIu+QpqeyXP+gpQJy/Z4+F0aGxSE4MqwjyXvW/TzgkLAx2AGHwQ==
